
Microsoft Visual Studio Solution File, Format Version 12.00
# Visual Studio 15
VisualStudioVersion = 15.0.26430.13
MinimumVisualStudioVersion = 10.0.40219.1
Project("{FAE04EC0-301F-11D3-BF4B-00C04F79EFBC}") = "CartoladaApp.Android", "CartoladaApp.Android\CartoladaApp.Android.csproj", "{EB1636AB-5707-4B69-A9E2-F6D14840D655}"
EndProject
Project("{FAE04EC0-301F-11D3-BF4B-00C04F79EFBC}") = "CartoladaApp", "CartoladaApp\CartoladaApp.csproj", "{31665309-F395-4038-9BDE-3B5C218BD531}"
EndProject
Project("{FAE04EC0-301F-11D3-BF4B-00C04F79EFBC}") = "CartoladaApp.iOS", "CartoladaApp.iOS\CartoladaApp.iOS.csproj", "{DF8CB85C-80AC-4D53-A173-73AE88DDA166}"
EndProject
Project("{FAE04EC0-301F-11D3-BF4B-00C04F79EFBC}") = "CartoladaApp.Shared", "CartoladaApp.Shared\CartoladaApp.Shared.csproj", "{67F9D3A8-F71E-4428-913F-C37AE82CDB24}"
EndProject
Global
	GlobalSection(SolutionConfigurationPlatforms) = preSolution
		Ad-Hoc|Any CPU = Ad-Hoc|Any CPU
		Ad-Hoc|iPhone = Ad-Hoc|iPhone
		Ad-Hoc|iPhoneSimulator = Ad-Hoc|iPhoneSimulator
		AppStore|Any CPU = AppStore|Any CPU
		AppStore|iPhone = AppStore|iPhone
		AppStore|iPhoneSimulator = AppStore|iPhoneSimulator
		Debug|Any CPU = Debug|Any CPU
		Debug|iPhone = Debug|iPhone
		Debug|iPhoneSimulator = Debug|iPhoneSimulator
		Release|Any CPU = Release|Any CPU
		Release|iPhone = Release|iPhone
		Release|iPhoneSimulator = Release|iPhoneSimulator
	EndGlobalSection
	GlobalSection(ProjectConfigurationPlatforms) = postSolution
		{EB1636AB-5707-4B69-A9E2-F6D14840D655}.Ad-Hoc|Any CPU.ActiveCfg = Release|Any CPU
		{EB1636AB-5707-4B69-A9E2-F6D14840D655}.Ad-Hoc|Any CPU.Build.0 = Release|Any CPU
		{EB1636AB-5707-4B69-A9E2-F6D14840D655}.Ad-Hoc|Any CPU.Deploy.0 = Release|Any CPU
		{EB1636AB-5707-4B69-A9E2-F6D14840D655}.Ad-Hoc|iPhone.ActiveCfg = Release|Any CPU
		{EB1636AB-5707-4B69-A9E2-F6D14840D655}.Ad-Hoc|iPhone.Build.0 = Release|Any CPU
		{EB1636AB-5707-4B69-A9E2-F6D14840D655}.Ad-Hoc|iPhone.Deploy.0 = Release|Any CPU
		{EB1636AB-5707-4B69-A9E2-F6D14840D655}.Ad-Hoc|iPhoneSimulator.ActiveCfg = Release|Any CPU
		{EB1636AB-5707-4B69-A9E2-F6D14840D655}.Ad-Hoc|iPhoneSimulator.Build.0 = Release|Any CPU
		{EB1636AB-5707-4B69-A9E2-F6D14840D655}.Ad-Hoc|iPhoneSimulator.Deploy.0 = Release|Any CPU
		{EB1636AB-5707-4B69-A9E2-F6D14840D655}.AppStore|Any CPU.ActiveCfg = Release|Any CPU
		{EB1636AB-5707-4B69-A9E2-F6D14840D655}.AppStore|Any CPU.Build.0 = Release|Any CPU
		{EB1636AB-5707-4B69-A9E2-F6D14840D655}.AppStore|Any CPU.Deploy.0 = Release|Any CPU
		{EB1636AB-5707-4B69-A9E2-F6D14840D655}.AppStore|iPhone.ActiveCfg = Release|Any CPU
		{EB1636AB-5707-4B69-A9E2-F6D14840D655}.AppStore|iPhone.Build.0 = Release|Any CPU
		{EB1636AB-5707-4B69-A9E2-F6D14840D655}.AppStore|iPhone.Deploy.0 = Release|Any CPU
		{EB1636AB-5707-4B69-A9E2-F6D14840D655}.AppStore|iPhoneSimulator.ActiveCfg = Release|Any CPU
		{EB1636AB-5707-4B69-A9E2-F6D14840D655}.AppStore|iPhoneSimulator.Build.0 = Release|Any CPU
		{EB1636AB-5707-4B69-A9E2-F6D14840D655}.AppStore|iPhoneSimulator.Deploy.0 = Release|Any CPU
		{EB1636AB-5707-4B69-A9E2-F6D14840D655}.Debug|Any CPU.ActiveCfg = Debug|Any CPU
		{EB1636AB-5707-4B69-A9E2-F6D14840D655}.Debug|Any CPU.Build.0 = Debug|Any CPU
		{EB1636AB-5707-4B69-A9E2-F6D14840D655}.Debug|Any CPU.Deploy.0 = Debug|Any CPU
		{EB1636AB-5707-4B69-A9E2-F6D14840D655}.Debug|iPhone.ActiveCfg = Debug|Any CPU
		{EB1636AB-5707-4B69-A9E2-F6D14840D655}.Debug|iPhone.Build.0 = Debug|Any CPU
		{EB1636AB-5707-4B69-A9E2-F6D14840D655}.Debug|iPhone.Deploy.0 = Debug|Any CPU
		{EB1636AB-5707-4B69-A9E2-F6D14840D655}.Debug|iPhoneSimulator.ActiveCfg = Debug|Any CPU
		{EB1636AB-5707-4B69-A9E2-F6D14840D655}.Debug|iPhoneSimulator.Build.0 = Debug|Any CPU
		{EB1636AB-5707-4B69-A9E2-F6D14840D655}.Debug|iPhoneSimulator.Deploy.0 = Debug|Any CPU
		{EB1636AB-5707-4B69-A9E2-F6D14840D655}.Release|Any CPU.ActiveCfg = Release|Any CPU
		{EB1636AB-5707-4B69-A9E2-F6D14840D655}.Release|Any CPU.Build.0 = Release|Any CPU
		{EB1636AB-5707-4B69-A9E2-F6D14840D655}.Release|Any CPU.Deploy.0 = Release|Any CPU
		{EB1636AB-5707-4B69-A9E2-F6D14840D655}.Release|iPhone.ActiveCfg = Release|Any CPU
		{EB1636AB-5707-4B69-A9E2-F6D14840D655}.Release|iPhone.Build.0 = Release|Any CPU
		{EB1636AB-5707-4B69-A9E2-F6D14840D655}.Release|iPhone.Deploy.0 = Release|Any CPU
		{EB1636AB-5707-4B69-A9E2-F6D14840D655}.Release|iPhoneSimulator.ActiveCfg = Release|Any CPU
		{EB1636AB-5707-4B69-A9E2-F6D14840D655}.Release|iPhoneSimulator.Build.0 = Release|Any CPU
		{EB1636AB-5707-4B69-A9E2-F6D14840D655}.Release|iPhoneSimulator.Deploy.0 = Release|Any CPU
		{31665309-F395-4038-9BDE-3B5C218BD531}.Ad-Hoc|Any CPU.ActiveCfg = Release|Any CPU
		{31665309-F395-4038-9BDE-3B5C218BD531}.Ad-Hoc|Any CPU.Build.0 = Release|Any CPU
		{31665309-F395-4038-9BDE-3B5C218BD531}.Ad-Hoc|iPhone.ActiveCfg = Release|Any CPU
		{31665309-F395-4038-9BDE-3B5C218BD531}.Ad-Hoc|iPhone.Build.0 = Release|Any CPU
		{31665309-F395-4038-9BDE-3B5C218BD531}.Ad-Hoc|iPhoneSimulator.ActiveCfg = Release|Any CPU
		{31665309-F395-4038-9BDE-3B5C218BD531}.Ad-Hoc|iPhoneSimulator.Build.0 = Release|Any CPU
		{31665309-F395-4038-9BDE-3B5C218BD531}.AppStore|Any CPU.ActiveCfg = Release|Any CPU
		{31665309-F395-4038-9BDE-3B5C218BD531}.AppStore|Any CPU.Build.0 = Release|Any CPU
		{31665309-F395-4038-9BDE-3B5C218BD531}.AppStore|iPhone.ActiveCfg = Release|Any CPU
		{31665309-F395-4038-9BDE-3B5C218BD531}.AppStore|iPhone.Build.0 = Release|Any CPU
		{31665309-F395-4038-9BDE-3B5C218BD531}.AppStore|iPhoneSimulator.ActiveCfg = Release|Any CPU
		{31665309-F395-4038-9BDE-3B5C218BD531}.AppStore|iPhoneSimulator.Build.0 = Release|Any CPU
		{31665309-F395-4038-9BDE-3B5C218BD531}.Debug|Any CPU.ActiveCfg = Debug|Any CPU
		{31665309-F395-4038-9BDE-3B5C218BD531}.Debug|Any CPU.Build.0 = Debug|Any CPU
		{31665309-F395-4038-9BDE-3B5C218BD531}.Debug|iPhone.ActiveCfg = Debug|Any CPU
		{31665309-F395-4038-9BDE-3B5C218BD531}.Debug|iPhone.Build.0 = Debug|Any CPU
		{31665309-F395-4038-9BDE-3B5C218BD531}.Debug|iPhoneSimulator.ActiveCfg = Debug|Any CPU
		{31665309-F395-4038-9BDE-3B5C218BD531}.Debug|iPhoneSimulator.Build.0 = Debug|Any CPU
		{31665309-F395-4038-9BDE-3B5C218BD531}.Release|Any CPU.ActiveCfg = Release|Any CPU
		{31665309-F395-4038-9BDE-3B5C218BD531}.Release|Any CPU.Build.0 = Release|Any CPU
		{31665309-F395-4038-9BDE-3B5C218BD531}.Release|iPhone.ActiveCfg = Release|Any CPU
		{31665309-F395-4038-9BDE-3B5C218BD531}.Release|iPhone.Build.0 = Release|Any CPU
		{31665309-F395-4038-9BDE-3B5C218BD531}.Release|iPhoneSimulator.ActiveCfg = Release|Any CPU
		{31665309-F395-4038-9BDE-3B5C218BD531}.Release|iPhoneSimulator.Build.0 = Release|Any CPU
		{DF8CB85C-80AC-4D53-A173-73AE88DDA166}.Ad-Hoc|Any CPU.ActiveCfg = Ad-Hoc|iPhone
		{DF8CB85C-80AC-4D53-A173-73AE88DDA166}.Ad-Hoc|iPhone.ActiveCfg = Ad-Hoc|iPhone
		{DF8CB85C-80AC-4D53-A173-73AE88DDA166}.Ad-Hoc|iPhone.Build.0 = Ad-Hoc|iPhone
		{DF8CB85C-80AC-4D53-A173-73AE88DDA166}.Ad-Hoc|iPhoneSimulator.ActiveCfg = Ad-Hoc|iPhoneSimulator
		{DF8CB85C-80AC-4D53-A173-73AE88DDA166}.Ad-Hoc|iPhoneSimulator.Build.0 = Ad-Hoc|iPhoneSimulator
		{DF8CB85C-80AC-4D53-A173-73AE88DDA166}.AppStore|Any CPU.ActiveCfg = AppStore|iPhone
		{DF8CB85C-80AC-4D53-A173-73AE88DDA166}.AppStore|iPhone.ActiveCfg = AppStore|iPhone
		{DF8CB85C-80AC-4D53-A173-73AE88DDA166}.AppStore|iPhone.Build.0 = AppStore|iPhone
		{DF8CB85C-80AC-4D53-A173-73AE88DDA166}.AppStore|iPhoneSimulator.ActiveCfg = AppStore|iPhoneSimulator
		{DF8CB85C-80AC-4D53-A173-73AE88DDA166}.AppStore|iPhoneSimulator.Build.0 = AppStore|iPhoneSimulator
		{DF8CB85C-80AC-4D53-A173-73AE88DDA166}.Debug|Any CPU.ActiveCfg = Debug|iPhone
		{DF8CB85C-80AC-4D53-A173-73AE88DDA166}.Debug|iPhone.ActiveCfg = Debug|iPhone
		{DF8CB85C-80AC-4D53-A173-73AE88DDA166}.Debug|iPhone.Build.0 = Debug|iPhone
		{DF8CB85C-80AC-4D53-A173-73AE88DDA166}.Debug|iPhoneSimulator.ActiveCfg = Debug|iPhoneSimulator
		{DF8CB85C-80AC-4D53-A173-73AE88DDA166}.Debug|iPhoneSimulator.Build.0 = Debug|iPhoneSimulator
		{DF8CB85C-80AC-4D53-A173-73AE88DDA166}.Release|Any CPU.ActiveCfg = Release|iPhone
		{DF8CB85C-80AC-4D53-A173-73AE88DDA166}.Release|iPhone.ActiveCfg = Release|iPhone
		{DF8CB85C-80AC-4D53-A173-73AE88DDA166}.Release|iPhone.Build.0 = Release|iPhone
		{DF8CB85C-80AC-4D53-A173-73AE88DDA166}.Release|iPhoneSimulator.ActiveCfg = Release|iPhoneSimulator
		{DF8CB85C-80AC-4D53-A173-73AE88DDA166}.Release|iPhoneSimulator.Build.0 = Release|iPhoneSimulator
		{67F9D3A8-F71E-4428-913F-C37AE82CDB24}.Ad-Hoc|Any CPU.ActiveCfg = Release|Any CPU
		{67F9D3A8-F71E-4428-913F-C37AE82CDB24}.Ad-Hoc|Any CPU.Build.0 = Release|Any CPU
		{67F9D3A8-F71E-4428-913F-C37AE82CDB24}.Ad-Hoc|iPhone.ActiveCfg = Release|Any CPU
		{67F9D3A8-F71E-4428-913F-C37AE82CDB24}.Ad-Hoc|iPhone.Build.0 = Release|Any CPU
		{67F9D3A8-F71E-4428-913F-C37AE82CDB24}.Ad-Hoc|iPhoneSimulator.ActiveCfg = Release|Any CPU
		{67F9D3A8-F71E-4428-913F-C37AE82CDB24}.Ad-Hoc|iPhoneSimulator.Build.0 = Release|Any CPU
		{67F9D3A8-F71E-4428-913F-C37AE82CDB24}.AppStore|Any CPU.ActiveCfg = Release|Any CPU
		{67F9D3A8-F71E-4428-913F-C37AE82CDB24}.AppStore|Any CPU.Build.0 = Release|Any CPU
		{67F9D3A8-F71E-4428-913F-C37AE82CDB24}.AppStore|iPhone.ActiveCfg = Release|Any CPU
		{67F9D3A8-F71E-4428-913F-C37AE82CDB24}.AppStore|iPhone.Build.0 = Release|Any CPU
		{67F9D3A8-F71E-4428-913F-C37AE82CDB24}.AppStore|iPhoneSimulator.ActiveCfg = Release|Any CPU
		{67F9D3A8-F71E-4428-913F-C37AE82CDB24}.AppStore|iPhoneSimulator.Build.0 = Release|Any CPU
		{67F9D3A8-F71E-4428-913F-C37AE82CDB24}.Debug|Any CPU.ActiveCfg = Debug|Any CPU
		{67F9D3A8-F71E-4428-913F-C37AE82CDB24}.Debug|Any CPU.Build.0 = Debug|Any CPU
		{67F9D3A8-F71E-4428-913F-C37AE82CDB24}.Debug|iPhone.ActiveCfg = Debug|Any CPU
		{67F9D3A8-F71E-4428-913F-C37AE82CDB24}.Debug|iPhone.Build.0 = Debug|Any CPU
		{67F9D3A8-F71E-4428-913F-C37AE82CDB24}.Debug|iPhoneSimulator.ActiveCfg = Debug|Any CPU
		{67F9D3A8-F71E-4428-913F-C37AE82CDB24}.Debug|iPhoneSimulator.Build.0 = Debug|Any CPU
		{67F9D3A8-F71E-4428-913F-C37AE82CDB24}.Release|Any CPU.ActiveCfg = Release|Any CPU
		{67F9D3A8-F71E-4428-913F-C37AE82CDB24}.Release|Any CPU.Build.0 = Release|Any CPU
		{67F9D3A8-F71E-4428-913F-C37AE82CDB24}.Release|iPhone.ActiveCfg = Release|Any CPU
		{67F9D3A8-F71E-4428-913F-C37AE82CDB24}.Release|iPhone.Build.0 = Release|Any CPU
		{67F9D3A8-F71E-4428-913F-C37AE82CDB24}.Release|iPhoneSimulator.ActiveCfg = Release|Any CPU
		{67F9D3A8-F71E-4428-913F-C37AE82CDB24}.Release|iPhoneSimulator.Build.0 = Release|Any CPU
	EndGlobalSection
	GlobalSection(SolutionProperties) = preSolution
		HideSolutionNode = FALSE
	EndGlobalSection
EndGlobal
